
Microsoft Visual Studio Solution File, Format Version 12.00
# Visual Studio Version 17
VisualStudioVersion = 17.10.35013.160
MinimumVisualStudioVersion = 10.0.40219.1
Project("{9A19103F-16F7-4668-BE54-9A1E7A4F7556}") = "RoboticsContainer.Core", "RoboticsContainer.Core\RoboticsContainer.Core.csproj", "{EF23C537-34D3-40F5-BA28-89F901B56489}"
EndProject
Project("{9A19103F-16F7-4668-BE54-9A1E7A4F7556}") = "RoboticsContainer.Infrastructure", "RoboticsContainer.Infrastructure\RoboticsContainer.Infrastructure.csproj", "{EFE00B7C-D460-450A-9922-18C841F0375F}"
EndProject
Project("{9A19103F-16F7-4668-BE54-9A1E7A4F7556}") = "RoboticsContainer.Application", "RoboticsContainer.Application\RoboticsContainer.Application.csproj", "{B388BE55-CB3E-4811-8D34-C2EC53CA9E11}"
EndProject
Project("{9A19103F-16F7-4668-BE54-9A1E7A4F7556}") = "RoboticsContainer.Presentation", "RoboticsContainer.Presentation\RoboticsContainer.Presentation.csproj", "{A5AAB4DD-44BE-4B6C-9B5F-BAD61AA2C08C}"
EndProject
Project("{FAE04EC0-301F-11D3-BF4B-00C04F79EFBC}") = "RoboticsContainer.Tests", "RoboticsContainer.Tests\RoboticsContainer.Tests.csproj", "{8CB303F1-6CD2-4D22-9907-0AA71E8C9D4B}"
EndProject
Global
	GlobalSection(SolutionConfigurationPlatforms) = preSolution
		Debug|Any CPU = Debug|Any CPU
		Release|Any CPU = Release|Any CPU
	EndGlobalSection
	GlobalSection(ProjectConfigurationPlatforms) = postSolution
		{EF23C537-34D3-40F5-BA28-89F901B56489}.Debug|Any CPU.ActiveCfg = Debug|Any CPU
		{EF23C537-34D3-40F5-BA28-89F901B56489}.Debug|Any CPU.Build.0 = Debug|Any CPU
		{EF23C537-34D3-40F5-BA28-89F901B56489}.Release|Any CPU.ActiveCfg = Release|Any CPU
		{EF23C537-34D3-40F5-BA28-89F901B56489}.Release|Any CPU.Build.0 = Release|Any CPU
		{EFE00B7C-D460-450A-9922-18C841F0375F}.Debug|Any CPU.ActiveCfg = Debug|Any CPU
		{EFE00B7C-D460-450A-9922-18C841F0375F}.Debug|Any CPU.Build.0 = Debug|Any CPU
		{EFE00B7C-D460-450A-9922-18C841F0375F}.Release|Any CPU.ActiveCfg = Release|Any CPU
		{EFE00B7C-D460-450A-9922-18C841F0375F}.Release|Any CPU.Build.0 = Release|Any CPU
		{B388BE55-CB3E-4811-8D34-C2EC53CA9E11}.Debug|Any CPU.ActiveCfg = Debug|Any CPU
		{B388BE55-CB3E-4811-8D34-C2EC53CA9E11}.Debug|Any CPU.Build.0 = Debug|Any CPU
		{B388BE55-CB3E-4811-8D34-C2EC53CA9E11}.Release|Any CPU.ActiveCfg = Release|Any CPU
		{B388BE55-CB3E-4811-8D34-C2EC53CA9E11}.Release|Any CPU.Build.0 = Release|Any CPU
		{A5AAB4DD-44BE-4B6C-9B5F-BAD61AA2C08C}.Debug|Any CPU.ActiveCfg = Debug|Any CPU
		{A5AAB4DD-44BE-4B6C-9B5F-BAD61AA2C08C}.Debug|Any CPU.Build.0 = Debug|Any CPU
		{A5AAB4DD-44BE-4B6C-9B5F-BAD61AA2C08C}.Release|Any CPU.ActiveCfg = Release|Any CPU
		{A5AAB4DD-44BE-4B6C-9B5F-BAD61AA2C08C}.Release|Any CPU.Build.0 = Release|Any CPU
		{8CB303F1-6CD2-4D22-9907-0AA71E8C9D4B}.Debug|Any CPU.ActiveCfg = Debug|Any CPU
		{8CB303F1-6CD2-4D22-9907-0AA71E8C9D4B}.Debug|Any CPU.Build.0 = Debug|Any CPU
		{8CB303F1-6CD2-4D22-9907-0AA71E8C9D4B}.Release|Any CPU.ActiveCfg = Release|Any CPU
		{8CB303F1-6CD2-4D22-9907-0AA71E8C9D4B}.Release|Any CPU.Build.0 = Release|Any CPU
	EndGlobalSection
	GlobalSection(SolutionProperties) = preSolution
		HideSolutionNode = FALSE
	EndGlobalSection
	GlobalSection(ExtensibilityGlobals) = postSolution
		SolutionGuid = {33D23A5A-7ECB-44C0-A6B5-2C74EC41640F}
	EndGlobalSection
EndGlobal
